{
  "name": "vue-swal2-loading-overlay",
  "version": "1.0.0",
  "lockfileVersion": 1,
  "requires": true,
  "dependencies": {
    "sweetalert2": {
      "version": "7.25.6",
      "resolved": "https://registry.npmjs.org/sweetalert2/-/sweetalert2-7.25.6.tgz",
      "integrity": "sha512-i8TnZ5eb2TwvIh9fBDpstk2f6xdwcmluTzh70skEG1Y+0vWysNVg/kzhro7Skz6NdVzjbFAkIRHq86tVU09O3w=="
    },
    "vue-sweetalert2": {
      "version": "1.5.0",
      "resolved": "https://registry.npmjs.org/vue-sweetalert2/-/vue-sweetalert2-1.5.0.tgz",
      "integrity": "sha512-OgOkrwFrtlQ3574UOl5mnFWns+N+F7Ct+MJXdx/YMgR9IaCHVRhPQY2FQ8onxf/If9WYLCoXbb9KCZY/KY6OZg==",
      "requires": {
        "sweetalert2": "7.25.6"
      }
    }
  }
}
